
Microsoft Visual Studio Solution File, Format Version 12.00
# Visual Studio Version 17
VisualStudioVersion = 17.8.34309.116
MinimumVisualStudioVersion = 10.0.40219.1
Project("{9A19103F-16F7-4668-BE54-9A1E7A4F7556}") = "CustomAuthLambdas", "CustomAuthLambdas\CustomAuthLambdas.csproj", "{832CE4B4-205C-4E33-B68B-53F86812F442}"
EndProject
Project("{9A19103F-16F7-4668-BE54-9A1E7A4F7556}") = "TestClient", "TestClient\TestClient.csproj", "{D9821C0A-DCD4-40AD-BE31-57228AA15638}"
EndProject
Global
	GlobalSection(SolutionConfigurationPlatforms) = preSolution
		Debug|Any CPU = Debug|Any CPU
		Release|Any CPU = Release|Any CPU
	EndGlobalSection
	GlobalSection(ProjectConfigurationPlatforms) = postSolution
		{832CE4B4-205C-4E33-B68B-53F86812F442}.Debug|Any CPU.ActiveCfg = Debug|Any CPU
		{832CE4B4-205C-4E33-B68B-53F86812F442}.Debug|Any CPU.Build.0 = Debug|Any CPU
		{832CE4B4-205C-4E33-B68B-53F86812F442}.Release|Any CPU.ActiveCfg = Release|Any CPU
		{832CE4B4-205C-4E33-B68B-53F86812F442}.Release|Any CPU.Build.0 = Release|Any CPU
		{D9821C0A-DCD4-40AD-BE31-57228AA15638}.Debug|Any CPU.ActiveCfg = Debug|Any CPU
		{D9821C0A-DCD4-40AD-BE31-57228AA15638}.Debug|Any CPU.Build.0 = Debug|Any CPU
		{D9821C0A-DCD4-40AD-BE31-57228AA15638}.Release|Any CPU.ActiveCfg = Release|Any CPU
		{D9821C0A-DCD4-40AD-BE31-57228AA15638}.Release|Any CPU.Build.0 = Release|Any CPU
	EndGlobalSection
	GlobalSection(SolutionProperties) = preSolution
		HideSolutionNode = FALSE
	EndGlobalSection
	GlobalSection(ExtensibilityGlobals) = postSolution
		SolutionGuid = {CF330DFE-9E91-401C-B8F3-846CE4FE26FF}
	EndGlobalSection
EndGlobal
